
Microsoft Visual Studio Solution File, Format Version 12.00
# Visual Studio Version 17
VisualStudioVersion = 17.11.35327.3
MinimumVisualStudioVersion = 10.0.40219.1
Project("{FAE04EC0-301F-11D3-BF4B-00C04F79EFBC}") = "RobotAssignment", "RobotAssignment\RobotAssignment.csproj", "{B920D713-8C2E-4017-85F3-6E61E9E1621B}"
EndProject
Global
	GlobalSection(SolutionConfigurationPlatforms) = preSolution
		Debug|Any CPU = Debug|Any CPU
		Release|Any CPU = Release|Any CPU
	EndGlobalSection
	GlobalSection(ProjectConfigurationPlatforms) = postSolution
		{B920D713-8C2E-4017-85F3-6E61E9E1621B}.Debug|Any CPU.ActiveCfg = Debug|Any CPU
		{B920D713-8C2E-4017-85F3-6E61E9E1621B}.Debug|Any CPU.Build.0 = Debug|Any CPU
		{B920D713-8C2E-4017-85F3-6E61E9E1621B}.Release|Any CPU.ActiveCfg = Release|Any CPU
		{B920D713-8C2E-4017-85F3-6E61E9E1621B}.Release|Any CPU.Build.0 = Release|Any CPU
	EndGlobalSection
	GlobalSection(SolutionProperties) = preSolution
		HideSolutionNode = FALSE
	EndGlobalSection
	GlobalSection(ExtensibilityGlobals) = postSolution
		SolutionGuid = {133BB48D-64C9-4BCC-AA61-57FEACC8DA4B}
	EndGlobalSection
EndGlobal
